
Microsoft Visual Studio Solution File, Format Version 12.00
# Visual Studio Version 17
VisualStudioVersion = 17.9.34616.47
MinimumVisualStudioVersion = 10.0.40219.1
Project("{FAE04EC0-301F-11D3-BF4B-00C04F79EFBC}") = "SalesOrderApi", "SalesOrderApi\SalesOrderApi.csproj", "{CAB93425-2A5F-401E-B4D9-435B42566429}"
EndProject
Global
	GlobalSection(SolutionConfigurationPlatforms) = preSolution
		Debug|Any CPU = Debug|Any CPU
		Release|Any CPU = Release|Any CPU
	EndGlobalSection
	GlobalSection(ProjectConfigurationPlatforms) = postSolution
		{CAB93425-2A5F-401E-B4D9-435B42566429}.Debug|Any CPU.ActiveCfg = Debug|Any CPU
		{CAB93425-2A5F-401E-B4D9-435B42566429}.Debug|Any CPU.Build.0 = Debug|Any CPU
		{CAB93425-2A5F-401E-B4D9-435B42566429}.Release|Any CPU.ActiveCfg = Release|Any CPU
		{CAB93425-2A5F-401E-B4D9-435B42566429}.Release|Any CPU.Build.0 = Release|Any CPU
	EndGlobalSection
	GlobalSection(SolutionProperties) = preSolution
		HideSolutionNode = FALSE
	EndGlobalSection
	GlobalSection(ExtensibilityGlobals) = postSolution
		SolutionGuid = {1AB85F52-947C-400D-933C-62AF28669A8D}
	EndGlobalSection
EndGlobal
